// !$*UTF8*$!
{
	archiveVersion = 1;
	classes = {
	};
	objectVersion = 56;
	objects = {

/* Begin PBXBuildFile section */
		8C13E5762A0AADDF0089C36A /* AppDelegate.swift in Sources */ = {isa = PBXBuildFile; fileRef = 8C13E5752A0AADDF0089C36A /* AppDelegate.swift */; };
		8C13E5782A0AADDF0089C36A /* SceneDelegate.swift in Sources */ = {isa = PBXBuildFile; fileRef = 8C13E5772A0AADDF0089C36A /* SceneDelegate.swift */; };
		8C13E57A2A0AADDF0089C36A /* ViewController.swift in Sources */ = {isa = PBXBuildFile; fileRef = 8C13E5792A0AADDF0089C36A /* ViewController.swift */; };
		8C13E57F2A0AADE30089C36A /* Assets.xcassets in Resources */ = {isa = PBXBuildFile; fileRef = 8C13E57E2A0AADE30089C36A /* Assets.xcassets */; };
		8C13E5822A0AADE30089C36A /* LaunchScreen.storyboard in Resources */ = {isa = PBXBuildFile; fileRef = 8C13E5802A0AADE30089C36A /* LaunchScreen.storyboard */; };
		8C13E5902A0AB27D0089C36A /* Extension.swift in Sources */ = {isa = PBXBuildFile; fileRef = 8C13E58F2A0AB27D0089C36A /* Extension.swift */; };
/* End PBXBuildFile section */

/* Begin PBXFileReference section */
		8C13E5722A0AADDF0089C36A /* BruteForce.app */ = {isa = PBXFileReference; explicitFileType = wrapper.application; includeInIndex = 0; path = BruteForce.app; sourceTree = BUILT_PRODUCTS_DIR; };
		8C13E5752A0AADDF0089C36A /* AppDelegate.swift */ = {isa = PBXFileReference; lastKnownFileType = sourcecode.swift; path = AppDelegate.swift; sourceTree = "<group>"; };
		8C13E5772A0AADDF0089C36A /* SceneDelegate.swift */ = {isa = PBXFileReference; lastKnownFileType = sourcecode.swift; path = SceneDelegate.swift; sourceTree = "<group>"; };
		8C13E5792A0AADDF0089C36A /* ViewController.swift */ = {isa = PBXFileReference; lastKnownFileType = sourcecode.swift; path = ViewController.swift; sourceTree = "<group>"; };
		8C13E57E2A0AADE30089C36A /* Assets.xcassets */ = {isa = PBXFileReference; lastKnownFileType = folder.assetcatalog; path = Assets.xcassets; sourceTree = "<group>"; };
		8C13E5812A0AADE30089C36A /* Base */ = {isa = PBXFileReference; lastKnownFileType = file.storyboard; name = Base; path = Base.lproj/LaunchScreen.storyboard; sourceTree = "<group>"; };
		8C13E5832A0AADE30089C36A /* Info.plist */ = {isa = PBXFileReference; lastKnownFileType = text.plist.xml; path = Info.plist; sourceTree = "<group>"; };
		8C13E58F2A0AB27D0089C36A /* Extension.swift */ = {isa = PBXFileReference; lastKnownFileType = sourcecode.swift; path = Extension.swift; sourceTree = "<group>"; };
/* End PBXFileReference section */

/* Begin PBXFrameworksBuildPhase section */
		8C13E56F2A0AADDF0089C36A /* Frameworks */ = {
			isa = PBXFrameworksBuildPhase;
			buildActionMask = 2147483647;
			files = (
			);
			runOnlyForDeploymentPostprocessing = 0;
		};
/* End PBXFrameworksBuildPhase section */

/* Begin PBXGroup section */
		8C13E5692A0AADDE0089C36A = {
			isa = PBXGroup;
			children = (
				8C13E5742A0AADDF0089C36A /* BruteForce */,
				8C13E5732A0AADDF0089C36A /* Products */,
			);
			sourceTree = "<group>";
		};
		8C13E5732A0AADDF0089C36A /* Products */ = {
			isa = PBXGroup;
			children = (
				8C13E5722A0AADDF0089C36A /* BruteForce.app */,
			);
			name = Products;
			sourceTree = "<group>";
		};
		8C13E5742A0AADDF0089C36A /* BruteForce */ = {
			isa = PBXGroup;
			children = (
				8C13E58A2A0AADFD0089C36A /* Resources */,
				8C13E5892A0AADF30089C36A /* Sources */,
			);
			path = BruteForce;
			sourceTree = "<group>";
		};
		8C13E5892A0AADF30089C36A /* Sources */ = {
			isa = PBXGroup;
			children = (
				8C13E58E2A0AB2670089C36A /* Extensions */,
				8C13E58D2A0AAE9F0089C36A /* StoryBoards */,
				8C13E58C2A0AAE890089C36A /* ViewControllers */,
				8C13E58B2A0AAE270089C36A /* App */,
			);
			path = Sources;
			sourceTree = "<group>";
		};
		8C13E58A2A0AADFD0089C36A /* Resources */ = {
			isa = PBXGroup;
			children = (
				8C13E57E2A0AADE30089C36A /* Assets.xcassets */,
				8C13E5832A0AADE30089C36A /* Info.plist */,
			);
			path = Resources;
			sourceTree = "<group>";
		};
		8C13E58B2A0AAE270089C36A /* App */ = {
			isa = PBXGroup;
			children = (
				8C13E5752A0AADDF0089C36A /* AppDelegate.swift */,
				8C13E5772A0AADDF0089C36A /* SceneDelegate.swift */,
			);
			path = App;
			sourceTree = "<group>";
		};
		8C13E58C2A0AAE890089C36A /* ViewControllers */ = {
			isa = PBXGroup;
			children = (
				8C13E5792A0AADDF0089C36A /* ViewController.swift */,
			);
			path = ViewControllers;
			sourceTree = "<group>";
		};
		8C13E58D2A0AAE9F0089C36A /* StoryBoards */ = {
			isa = PBXGroup;
			children = (
				8C13E5802A0AADE30089C36A /* LaunchScreen.storyboard */,
			);
			path = StoryBoards;
			sourceTree = "<group>";
		};
		8C13E58E2A0AB2670089C36A /* Extensions */ = {
			isa = PBXGroup;
			children = (
				8C13E58F2A0AB27D0089C36A /* Extension.swift */,
			);
			path = Extensions;
			sourceTree = "<group>";
		};
/* End PBXGroup section */

/* Begin PBXNativeTarget section */
		8C13E5712A0AADDF0089C36A /* BruteForce */ = {
			isa = PBXNativeTarget;
			buildConfigurationList = 8C13E5862A0AADE30089C36A /* Build configuration list for PBXNativeTarget "BruteForce" */;
			buildPhases = (
				8C13E56E2A0AADDF0089C36A /* Sources */,
				8C13E56F2A0AADDF0089C36A /* Frameworks */,
				8C13E5702A0AADDF0089C36A /* Resources */,
			);
			buildRules = (
			);
			dependencies = (
			);
			name = BruteForce;
			productName = BruteForce;
			productReference = 8C13E5722A0AADDF0089C36A /* BruteForce.app */;
			productType = "com.apple.product-type.application";
		};
/* End PBXNativeTarget section */

/* Begin PBXProject section */
		8C13E56A2A0AADDE0089C36A /* Project object */ = {
			isa = PBXProject;
			attributes = {
				BuildIndependentTargetsInParallel = 1;
				LastSwiftUpdateCheck = 1410;
				LastUpgradeCheck = 1410;
				TargetAttributes = {
					8C13E5712A0AADDF0089C36A = {
						CreatedOnToolsVersion = 14.1;
					};
				};
			};
			buildConfigurationList = 8C13E56D2A0AADDE0089C36A /* Build configuration list for PBXProject "BruteForce" */;
			compatibilityVersion = "Xcode 14.0";
			developmentRegion = en;
			hasScannedForEncodings = 0;
			knownRegions = (
				en,
				Base,
			);
			mainGroup = 8C13E5692A0AADDE0089C36A;
			productRefGroup = 8C13E5732A0AADDF0089C36A /* Products */;
			projectDirPath = "";
			projectRoot = "";
			targets = (
				8C13E5712A0AADDF0089C36A /* BruteForce */,
			);
		};
/* End PBXProject section */

/* Begin PBXResourcesBuildPhase section */
		8C13E5702A0AADDF0089C36A /* Resources */ = {
			isa = PBXResourcesBuildPhase;
			buildActionMask = 2147483647;
			files = (
				8C13E5822A0AADE30089C36A /* LaunchScreen.storyboard in Resources */,
				8C13E57F2A0AADE30089C36A /* Assets.xcassets in Resources */,
			);
			runOnlyForDeploymentPostprocessing = 0;
		};
/* End PBXResourcesBuildPhase section */

/* Begin PBXSourcesBuildPhase section */
		8C13E56E2A0AADDF0089C36A /* Sources */ = {
			isa = PBXSourcesBuildPhase;
			buildActionMask = 2147483647;
			files = (
				8C13E5902A0AB27D0089C36A /* Extension.swift in Sources */,
				8C13E57A2A0AADDF0089C36A /* ViewController.swift in Sources */,
				8C13E5762A0AADDF0089C36A /* AppDelegate.swift in Sources */,
				8C13E5782A0AADDF0089C36A /* SceneDelegate.swift in Sources */,
			);
			runOnlyForDeploymentPostprocessing = 0;
		};
/* End PBXSourcesBuildPhase section */

/* Begin PBXVariantGroup section */
		8C13E5802A0AADE30089C36A /* LaunchScreen.storyboard */ = {
			isa = PBXVariantGroup;
			children = (
				8C13E5812A0AADE30089C36A /* Base */,
			);
			name = LaunchScreen.storyboard;
			sourceTree = "<group>";
		};
/* End PBXVariantGroup section */

/* Begin XCBuildConfiguration section */
		8C13E5842A0AADE30089C36A /* Debug */ = {
			isa = XCBuildConfiguration;
			buildSettings = {
				ALWAYS_SEARCH_USER_PATHS = NO;
				CLANG_ANALYZER_NONNULL = YES;
				CLANG_ANALYZER_NUMBER_OBJECT_CONVERSION = YES_AGGRESSIVE;
				CLANG_CXX_LANGUAGE_STANDARD = "gnu++20";
				CLANG_ENABLE_MODULES = YES;
				CLANG_ENABLE_OBJC_ARC = YES;
				CLANG_ENABLE_OBJC_WEAK = YES;
				CLANG_WARN_BLOCK_CAPTURE_AUTORELEASING = YES;
				CLANG_WARN_BOOL_CONVERSION = YES;
				CLANG_WARN_COMMA = YES;
				CLANG_WARN_CONSTANT_CONVERSION = YES;
				CLANG_WARN_DEPRECATED_OBJC_IMPLEMENTATIONS = YES;
				CLANG_WARN_DIRECT_OBJC_ISA_USAGE = YES_ERROR;
				CLANG_WARN_DOCUMENTATION_COMMENTS = YES;
				CLANG_WARN_EMPTY_BODY = YES;
				CLANG_WARN_ENUM_CONVERSION = YES;
				CLANG_WARN_INFINITE_RECURSION = YES;
				CLANG_WARN_INT_CONVERSION = YES;
				CLANG_WARN_NON_LITERAL_NULL_CONVERSION = YES;
				CLANG_WARN_OBJC_IMPLICIT_RETAIN_SELF = YES;
				CLANG_WARN_OBJC_LITERAL_CONVERSION = YES;
				CLANG_WARN_OBJC_ROOT_CLASS = YES_ERROR;
				CLANG_WARN_QUOTED_INCLUDE_IN_FRAMEWORK_HEADER = YES;
				CLANG_WARN_RANGE_LOOP_ANALYSIS = YES;
				CLANG_WARN_STRICT_PROTOTYPES = YES;
				CLANG_WARN_SUSPICIOUS_MOVE = YES;
				CLANG_WARN_UNGUARDED_AVAILABILITY = YES_AGGRESSIVE;
				CLANG_WARN_UNREACHABLE_CODE = YES;
				CLANG_WARN__DUPLICATE_METHOD_MATCH = YES;
				COPY_PHASE_STRIP = NO;
				DEBUG_INFORMATION_FORMAT = dwarf;
				ENABLE_STRICT_OBJC_MSGSEND = YES;
				ENABLE_TESTABILITY = YES;
				GCC_C_LANGUAGE_STANDARD = gnu11;
				GCC_DYNAMIC_NO_PIC = NO;
				GCC_NO_COMMON_BLOCKS = YES;
				GCC_OPTIMIZATION_LEVEL = 0;
				GCC_PREPROCESSOR_DEFINITIONS = (
					"DEBUG=1",
					"$(inherited)",
				);
				GCC_WARN_64_TO_32_BIT_CONVERSION = YES;
				GCC_WARN_ABOUT_RETURN_TYPE = YES_ERROR;
				GCC_WARN_UNDECLARED_SELECTOR = YES;
				GCC_WARN_UNINITIALIZED_AUTOS = YES_AGGRESSIVE;
				GCC_WARN_UNUSED_FUNCTION = YES;
				GCC_WARN_UNUSED_VARIABLE = YES;
				IPHONEOS_DEPLOYMENT_TARGET = 16.1;
				MTL_ENABLE_DEBUG_INFO = INCLUDE_SOURCE;
				MTL_FAST_MATH = YES;
				ONLY_ACTIVE_ARCH = YES;
				SDKROOT = iphoneos;
				SWIFT_ACTIVE_COMPILATION_CONDITIONS = DEBUG;
				SWIFT_OPTIMIZATION_LEVEL = "-Onone";
			};
			name = Debug;
		};
		8C13E5852A0AADE30089C36A /* Release */ = {
			isa = XCBuildConfiguration;
			buildSettings = {
				ALWAYS_SEARCH_USER_PATHS = NO;
				CLANG_ANALYZER_NONNULL = YES;
				CLANG_ANALYZER_NUMBER_OBJECT_CONVERSION = YES_AGGRESSIVE;
				CLANG_CXX_LANGUAGE_STANDARD = "gnu++20";
				CLANG_ENABLE_MODULES = YES;
				CLANG_ENABLE_OBJC_ARC = YES;
				CLANG_ENABLE_OBJC_WEAK = YES;
				CLANG_WARN_BLOCK_CAPTURE_AUTORELEASING = YES;
				CLANG_WARN_BOOL_CONVERSION = YES;
				CLANG_WARN_COMMA = YES;
				CLANG_WARN_CONSTANT_CONVERSION = YES;
				CLANG_WARN_DEPRECATED_OBJC_IMPLEMENTATIONS = YES;
				CLANG_WARN_DIRECT_OBJC_ISA_USAGE = YES_ERROR;
				CLANG_WARN_DOCUMENTATION_COMMENTS = YES;
				CLANG_WARN_EMPTY_BODY = YES;
				CLANG_WARN_ENUM_CONVERSION = YES;
				CLANG_WARN_INFINITE_RECURSION = YES;
				CLANG_WARN_INT_CONVERSION = YES;
				CLANG_WARN_NON_LITERAL_NULL_CONVERSION = YES;
				CLANG_WARN_OBJC_IMPLICIT_RETAIN_SELF = YES;
				CLANG_WARN_OBJC_LITERAL_CONVERSION = YES;
				CLANG_WARN_OBJC_ROOT_CLASS = YES_ERROR;
				CLANG_WARN_QUOTED_INCLUDE_IN_FRAMEWORK_HEADER = YES;
				CLANG_WARN_RANGE_LOOP_ANALYSIS = YES;
				CLANG_WARN_STRICT_PROTOTYPES = YES;
				CLANG_WARN_SUSPICIOUS_MOVE = YES;
				CLANG_WARN_UNGUARDED_AVAILABILITY = YES_AGGRESSIVE;
				CLANG_WARN_UNREACHABLE_CODE = YES;
				CLANG_WARN__DUPLICATE_METHOD_MATCH = YES;
				COPY_PHASE_STRIP = NO;
				DEBUG_INFORMATION_FORMAT = "dwarf-with-dsym";
				ENABLE_NS_ASSERTIONS = NO;
				ENABLE_STRICT_OBJC_MSGSEND = YES;
				GCC_C_LANGUAGE_STANDARD = gnu11;
				GCC_NO_COMMON_BLOCKS = YES;
				GCC_WARN_64_TO_32_BIT_CONVERSION = YES;
				GCC_WARN_ABOUT_RETURN_TYPE = YES_ERROR;
				GCC_WARN_UNDECLARED_SELECTOR = YES;
				GCC_WARN_UNINITIALIZED_AUTOS = YES_AGGRESSIVE;
				GCC_WARN_UNUSED_FUNCTION = YES;
				GCC_WARN_UNUSED_VARIABLE = YES;
				IPHONEOS_DEPLOYMENT_TARGET = 16.1;
				MTL_ENABLE_DEBUG_INFO = NO;
				MTL_FAST_MATH = YES;
				SDKROOT = iphoneos;
				SWIFT_COMPILATION_MODE = wholemodule;
				SWIFT_OPTIMIZATION_LEVEL = "-O";
				VALIDATE_PRODUCT = YES;
			};
			name = Release;
		};
		8C13E5872A0AADE30089C36A /* Debug */ = {
			isa = XCBuildConfiguration;
			buildSettings = {
				ASSETCATALOG_COMPILER_APPICON_NAME = AppIcon;
				ASSETCATALOG_COMPILER_GLOBAL_ACCENT_COLOR_NAME = AccentColor;
				CODE_SIGN_STYLE = Automatic;
				CURRENT_PROJECT_VERSION = 1;
				GENERATE_INFOPLIST_FILE = YES;
				INFOPLIST_FILE = BruteForce/Resources/Info.plist;
				INFOPLIST_KEY_UIApplicationSupportsIndirectInputEvents = YES;
				INFOPLIST_KEY_UILaunchStoryboardName = LaunchScreen;
				INFOPLIST_KEY_UISupportedInterfaceOrientations_iPad = "UIInterfaceOrientationPortrait UIInterfaceOrientationPortraitUpsideDown UIInterfaceOrientationLandscapeLeft UIInterfaceOrientationLandscapeRight";
				INFOPLIST_KEY_UISupportedInterfaceOrientations_iPhone = "UIInterfaceOrientationPortrait UIInterfaceOrientationLandscapeLeft UIInterfaceOrientationLandscapeRight";
				LD_RUNPATH_SEARCH_PATHS = (
					"$(inherited)",
					"@executable_path/Frameworks",
				);
				MARKETING_VERSION = 1.0;
				PRODUCT_BUNDLE_IDENTIFIER = kz.BruteForce;
				PRODUCT_NAME = "$(TARGET_NAME)";
				SWIFT_EMIT_LOC_STRINGS = YES;
				SWIFT_VERSION = 5.0;
				TARGETED_DEVICE_FAMILY = "1,2";
			};
			name = Debug;
		};
		8C13E5882A0AADE30089C36A /* Release */ = {
			isa = XCBuildConfiguration;
			buildSettings = {
				ASSETCATALOG_COMPILER_APPICON_NAME = AppIcon;
				ASSETCATALOG_COMPILER_GLOBAL_ACCENT_COLOR_NAME = AccentColor;
				CODE_SIGN_STYLE = Automatic;
				CURRENT_PROJECT_VERSION = 1;
				GENERATE_INFOPLIST_FILE = YES;
				INFOPLIST_FILE = BruteForce/Resources/Info.plist;
				INFOPLIST_KEY_UIApplicationSupportsIndirectInputEvents = YES;
				INFOPLIST_KEY_UILaunchStoryboardName = LaunchScreen;
				INFOPLIST_KEY_UISupportedInterfaceOrientations_iPad = "UIInterfaceOrientationPortrait UIInterfaceOrientationPortraitUpsideDown UIInterfaceOrientationLandscapeLeft UIInterfaceOrientationLandscapeRight";
				INFOPLIST_KEY_UISupportedInterfaceOrientations_iPhone = "UIInterfaceOrientationPortrait UIInterfaceOrientationLandscapeLeft UIInterfaceOrientationLandscapeRight";
				LD_RUNPATH_SEARCH_PATHS = (
					"$(inherited)",
					"@executable_path/Frameworks",
				);
				MARKETING_VERSION = 1.0;
				PRODUCT_BUNDLE_IDENTIFIER = kz.BruteForce;
				PRODUCT_NAME = "$(TARGET_NAME)";
				SWIFT_EMIT_LOC_STRINGS = YES;
				SWIFT_VERSION = 5.0;
				TARGETED_DEVICE_FAMILY = "1,2";
			};
			name = Release;
		};
/* End XCBuildConfiguration section */

/* Begin XCConfigurationList section */
		8C13E56D2A0AADDE0089C36A /* Build configuration list for PBXProject "BruteForce" */ = {
			isa = XCConfigurationList;
			buildConfigurations = (
				8C13E5842A0AADE30089C36A /* Debug */,
				8C13E5852A0AADE30089C36A /* Release */,
			);
			defaultConfigurationIsVisible = 0;
			defaultConfigurationName = Release;
		};
		8C13E5862A0AADE30089C36A /* Build configuration list for PBXNativeTarget "BruteForce" */ = {
			isa = XCConfigurationList;
			buildConfigurations = (
				8C13E5872A0AADE30089C36A /* Debug */,
				8C13E5882A0AADE30089C36A /* Release */,
			);
			defaultConfigurationIsVisible = 0;
			defaultConfigurationName = Release;
		};
/* End XCConfigurationList section */
	};
	rootObject = 8C13E56A2A0AADDE0089C36A /* Project object */;
}
